
Microsoft Visual Studio Solution File, Format Version 12.00
# Visual Studio Version 17
VisualStudioVersion = 17.11.35219.272
MinimumVisualStudioVersion = 10.0.40219.1
Project("{9A19103F-16F7-4668-BE54-9A1E7A4F7556}") = "Labb_02_Dungeon_Crawler", "Labb_02_Dungeon_Crawler\Labb_02_Dungeon_Crawler.csproj", "{2AD633D6-1529-4192-BFFD-875D857516FE}"
EndProject
Global
	GlobalSection(SolutionConfigurationPlatforms) = preSolution
		Debug|Any CPU = Debug|Any CPU
		Release|Any CPU = Release|Any CPU
	EndGlobalSection
	GlobalSection(ProjectConfigurationPlatforms) = postSolution
		{2AD633D6-1529-4192-BFFD-875D857516FE}.Debug|Any CPU.ActiveCfg = Debug|Any CPU
		{2AD633D6-1529-4192-BFFD-875D857516FE}.Debug|Any CPU.Build.0 = Debug|Any CPU
		{2AD633D6-1529-4192-BFFD-875D857516FE}.Release|Any CPU.ActiveCfg = Release|Any CPU
		{2AD633D6-1529-4192-BFFD-875D857516FE}.Release|Any CPU.Build.0 = Release|Any CPU
	EndGlobalSection
	GlobalSection(SolutionProperties) = preSolution
		HideSolutionNode = FALSE
	EndGlobalSection
	GlobalSection(ExtensibilityGlobals) = postSolution
		SolutionGuid = {065247F2-B9E3-4A07-8308-E92F20FB830D}
	EndGlobalSection
EndGlobal
